
Microsoft Visual Studio Solution File, Format Version 12.00
# Visual Studio 15
VisualStudioVersion = 15.0.28307.852
MinimumVisualStudioVersion = 10.0.40219.1
Project("{FAE04EC0-301F-11D3-BF4B-00C04F79EFBC}") = "drill218-logText", "drill218-logText\drill218-logText.csproj", "{2281A8D0-0C97-4B99-90F7-798006C9285B}"
EndProject
Global
	GlobalSection(SolutionConfigurationPlatforms) = preSolution
		Debug|Any CPU = Debug|Any CPU
		Release|Any CPU = Release|Any CPU
	EndGlobalSection
	GlobalSection(ProjectConfigurationPlatforms) = postSolution
		{2281A8D0-0C97-4B99-90F7-798006C9285B}.Debug|Any CPU.ActiveCfg = Debug|Any CPU
		{2281A8D0-0C97-4B99-90F7-798006C9285B}.Debug|Any CPU.Build.0 = Debug|Any CPU
		{2281A8D0-0C97-4B99-90F7-798006C9285B}.Release|Any CPU.ActiveCfg = Release|Any CPU
		{2281A8D0-0C97-4B99-90F7-798006C9285B}.Release|Any CPU.Build.0 = Release|Any CPU
	EndGlobalSection
	GlobalSection(SolutionProperties) = preSolution
		HideSolutionNode = FALSE
	EndGlobalSection
	GlobalSection(ExtensibilityGlobals) = postSolution
		SolutionGuid = {48916BAA-5E2E-4D7A-AFD8-3BCE21A0FBB5}
	EndGlobalSection
EndGlobal
