
Microsoft Visual Studio Solution File, Format Version 12.00
# Visual Studio 15
VisualStudioVersion = 15.0.28307.852
MinimumVisualStudioVersion = 10.0.40219.1
Project("{FAE04EC0-301F-11D3-BF4B-00C04F79EFBC}") = "NewsletterAppMVC305", "NewsletterAppMVC305\NewsletterAppMVC305.csproj", "{30042ED0-4B66-4EA1-AD78-79E4A42ED84D}"
EndProject
Global
	GlobalSection(SolutionConfigurationPlatforms) = preSolution
		Debug|Any CPU = Debug|Any CPU
		Release|Any CPU = Release|Any CPU
	EndGlobalSection
	GlobalSection(ProjectConfigurationPlatforms) = postSolution
		{30042ED0-4B66-4EA1-AD78-79E4A42ED84D}.Debug|Any CPU.ActiveCfg = Debug|Any CPU
		{30042ED0-4B66-4EA1-AD78-79E4A42ED84D}.Debug|Any CPU.Build.0 = Debug|Any CPU
		{30042ED0-4B66-4EA1-AD78-79E4A42ED84D}.Release|Any CPU.ActiveCfg = Release|Any CPU
		{30042ED0-4B66-4EA1-AD78-79E4A42ED84D}.Release|Any CPU.Build.0 = Release|Any CPU
	EndGlobalSection
	GlobalSection(SolutionProperties) = preSolution
		HideSolutionNode = FALSE
	EndGlobalSection
	GlobalSection(ExtensibilityGlobals) = postSolution
		SolutionGuid = {D9EA0D1E-11DB-4154-85BF-6412E6E82910}
	EndGlobalSection
EndGlobal
