
Microsoft Visual Studio Solution File, Format Version 12.00
# Visual Studio 15
VisualStudioVersion = 15.0.28307.852
MinimumVisualStudioVersion = 10.0.40219.1
Project("{FAE04EC0-301F-11D3-BF4B-00C04F79EFBC}") = "drill221-dateTime", "drill221-dateTime\drill221-dateTime.csproj", "{8C469436-CBEB-43FC-8C42-3D95AEA39182}"
EndProject
Global
	GlobalSection(SolutionConfigurationPlatforms) = preSolution
		Debug|Any CPU = Debug|Any CPU
		Release|Any CPU = Release|Any CPU
	EndGlobalSection
	GlobalSection(ProjectConfigurationPlatforms) = postSolution
		{8C469436-CBEB-43FC-8C42-3D95AEA39182}.Debug|Any CPU.ActiveCfg = Debug|Any CPU
		{8C469436-CBEB-43FC-8C42-3D95AEA39182}.Debug|Any CPU.Build.0 = Debug|Any CPU
		{8C469436-CBEB-43FC-8C42-3D95AEA39182}.Release|Any CPU.ActiveCfg = Release|Any CPU
		{8C469436-CBEB-43FC-8C42-3D95AEA39182}.Release|Any CPU.Build.0 = Release|Any CPU
	EndGlobalSection
	GlobalSection(SolutionProperties) = preSolution
		HideSolutionNode = FALSE
	EndGlobalSection
	GlobalSection(ExtensibilityGlobals) = postSolution
		SolutionGuid = {A5C4D7CE-26E9-4A72-88EE-5FFD68B5BBDA}
	EndGlobalSection
EndGlobal
