
Microsoft Visual Studio Solution File, Format Version 12.00
# Visual Studio 15
VisualStudioVersion = 15.0.28307.852
MinimumVisualStudioVersion = 10.0.40219.1
Project("{FAE04EC0-301F-11D3-BF4B-00C04F79EFBC}") = "MVCtutorial", "MVCtutorial\MVCtutorial.csproj", "{2FBC9E02-282B-4934-8803-7E5E62F8EAB9}"
EndProject
Global
	GlobalSection(SolutionConfigurationPlatforms) = preSolution
		Debug|Any CPU = Debug|Any CPU
		Release|Any CPU = Release|Any CPU
	EndGlobalSection
	GlobalSection(ProjectConfigurationPlatforms) = postSolution
		{2FBC9E02-282B-4934-8803-7E5E62F8EAB9}.Debug|Any CPU.ActiveCfg = Debug|Any CPU
		{2FBC9E02-282B-4934-8803-7E5E62F8EAB9}.Debug|Any CPU.Build.0 = Debug|Any CPU
		{2FBC9E02-282B-4934-8803-7E5E62F8EAB9}.Release|Any CPU.ActiveCfg = Release|Any CPU
		{2FBC9E02-282B-4934-8803-7E5E62F8EAB9}.Release|Any CPU.Build.0 = Release|Any CPU
	EndGlobalSection
	GlobalSection(SolutionProperties) = preSolution
		HideSolutionNode = FALSE
	EndGlobalSection
	GlobalSection(ExtensibilityGlobals) = postSolution
		SolutionGuid = {646318DC-BBA0-45EC-A6C7-AA096D3E967D}
	EndGlobalSection
EndGlobal
