
Microsoft Visual Studio Solution File, Format Version 12.00
# Visual Studio 15
VisualStudioVersion = 15.0.28307.852
MinimumVisualStudioVersion = 10.0.40219.1
Project("{FAE04EC0-301F-11D3-BF4B-00C04F79EFBC}") = "drill231-constVarGuid", "drill231-constVarGuid\drill231-constVarGuid.csproj", "{28ECB10B-FE4A-4981-8C3B-C7EF8039A177}"
EndProject
Global
	GlobalSection(SolutionConfigurationPlatforms) = preSolution
		Debug|Any CPU = Debug|Any CPU
		Release|Any CPU = Release|Any CPU
	EndGlobalSection
	GlobalSection(ProjectConfigurationPlatforms) = postSolution
		{28ECB10B-FE4A-4981-8C3B-C7EF8039A177}.Debug|Any CPU.ActiveCfg = Debug|Any CPU
		{28ECB10B-FE4A-4981-8C3B-C7EF8039A177}.Debug|Any CPU.Build.0 = Debug|Any CPU
		{28ECB10B-FE4A-4981-8C3B-C7EF8039A177}.Release|Any CPU.ActiveCfg = Release|Any CPU
		{28ECB10B-FE4A-4981-8C3B-C7EF8039A177}.Release|Any CPU.Build.0 = Release|Any CPU
	EndGlobalSection
	GlobalSection(SolutionProperties) = preSolution
		HideSolutionNode = FALSE
	EndGlobalSection
	GlobalSection(ExtensibilityGlobals) = postSolution
		SolutionGuid = {C17C62A2-A518-4073-9881-5955727D6669}
	EndGlobalSection
EndGlobal
