
Microsoft Visual Studio Solution File, Format Version 12.00
# Visual Studio 15
VisualStudioVersion = 15.0.28307.852
MinimumVisualStudioVersion = 10.0.40219.1
Project("{F14B399A-7131-4C87-9E4B-1186C45EF12D}") = "researchReport", "researchReport\researchReport.rptproj", "{B2A2CC75-E2D9-4BD6-95BA-BDFBD0967E64}"
EndProject
Global
	GlobalSection(SolutionConfigurationPlatforms) = preSolution
		Debug|Default = Debug|Default
		DebugLocal|Default = DebugLocal|Default
		Release|Default = Release|Default
	EndGlobalSection
	GlobalSection(ProjectConfigurationPlatforms) = postSolution
		{B2A2CC75-E2D9-4BD6-95BA-BDFBD0967E64}.Debug|Default.ActiveCfg = Debug
		{B2A2CC75-E2D9-4BD6-95BA-BDFBD0967E64}.Debug|Default.Build.0 = Debug
		{B2A2CC75-E2D9-4BD6-95BA-BDFBD0967E64}.Debug|Default.Deploy.0 = Debug
		{B2A2CC75-E2D9-4BD6-95BA-BDFBD0967E64}.DebugLocal|Default.ActiveCfg = DebugLocal
		{B2A2CC75-E2D9-4BD6-95BA-BDFBD0967E64}.DebugLocal|Default.Build.0 = DebugLocal
		{B2A2CC75-E2D9-4BD6-95BA-BDFBD0967E64}.Release|Default.ActiveCfg = Release
		{B2A2CC75-E2D9-4BD6-95BA-BDFBD0967E64}.Release|Default.Build.0 = Release
		{B2A2CC75-E2D9-4BD6-95BA-BDFBD0967E64}.Release|Default.Deploy.0 = Release
	EndGlobalSection
	GlobalSection(SolutionProperties) = preSolution
		HideSolutionNode = FALSE
	EndGlobalSection
	GlobalSection(ExtensibilityGlobals) = postSolution
		SolutionGuid = {1D932153-076D-48BC-807C-0539A7E599B6}
	EndGlobalSection
EndGlobal
