
Microsoft Visual Studio Solution File, Format Version 12.00
# Visual Studio 15
VisualStudioVersion = 15.0.28307.852
MinimumVisualStudioVersion = 10.0.40219.1
Project("{FAE04EC0-301F-11D3-BF4B-00C04F79EFBC}") = "drill169", "drill169\drill169.csproj", "{836F36C0-A31A-4F4E-93A5-9487C9AC4F66}"
EndProject
Global
	GlobalSection(SolutionConfigurationPlatforms) = preSolution
		Debug|Any CPU = Debug|Any CPU
		Release|Any CPU = Release|Any CPU
	EndGlobalSection
	GlobalSection(ProjectConfigurationPlatforms) = postSolution
		{836F36C0-A31A-4F4E-93A5-9487C9AC4F66}.Debug|Any CPU.ActiveCfg = Debug|Any CPU
		{836F36C0-A31A-4F4E-93A5-9487C9AC4F66}.Debug|Any CPU.Build.0 = Debug|Any CPU
		{836F36C0-A31A-4F4E-93A5-9487C9AC4F66}.Release|Any CPU.ActiveCfg = Release|Any CPU
		{836F36C0-A31A-4F4E-93A5-9487C9AC4F66}.Release|Any CPU.Build.0 = Release|Any CPU
	EndGlobalSection
	GlobalSection(SolutionProperties) = preSolution
		HideSolutionNode = FALSE
	EndGlobalSection
	GlobalSection(ExtensibilityGlobals) = postSolution
		SolutionGuid = {08296D0C-CBFF-43CD-ABDA-DDC476C0B846}
	EndGlobalSection
EndGlobal
