
Microsoft Visual Studio Solution File, Format Version 12.00
# Visual Studio 15
VisualStudioVersion = 15.0.28307.852
MinimumVisualStudioVersion = 10.0.40219.1
Project("{FAE04EC0-301F-11D3-BF4B-00C04F79EFBC}") = "drill202-lambda", "drill202-lambda\drill202-lambda.csproj", "{12B6D71E-3401-4164-B4A8-1A496CCCE848}"
EndProject
Global
	GlobalSection(SolutionConfigurationPlatforms) = preSolution
		Debug|Any CPU = Debug|Any CPU
		Release|Any CPU = Release|Any CPU
	EndGlobalSection
	GlobalSection(ProjectConfigurationPlatforms) = postSolution
		{12B6D71E-3401-4164-B4A8-1A496CCCE848}.Debug|Any CPU.ActiveCfg = Debug|Any CPU
		{12B6D71E-3401-4164-B4A8-1A496CCCE848}.Debug|Any CPU.Build.0 = Debug|Any CPU
		{12B6D71E-3401-4164-B4A8-1A496CCCE848}.Release|Any CPU.ActiveCfg = Release|Any CPU
		{12B6D71E-3401-4164-B4A8-1A496CCCE848}.Release|Any CPU.Build.0 = Release|Any CPU
	EndGlobalSection
	GlobalSection(SolutionProperties) = preSolution
		HideSolutionNode = FALSE
	EndGlobalSection
	GlobalSection(ExtensibilityGlobals) = postSolution
		SolutionGuid = {A7E6E64B-855C-42DB-8109-3D0022F55BCC}
	EndGlobalSection
EndGlobal
