
Microsoft Visual Studio Solution File, Format Version 12.00
# Visual Studio 15
VisualStudioVersion = 15.0.28307.852
MinimumVisualStudioVersion = 10.0.40219.1
Project("{FAE04EC0-301F-11D3-BF4B-00C04F79EFBC}") = "drill235-exceptionErrors", "drill235-exceptionErrors\drill235-exceptionErrors.csproj", "{F10F911D-CE45-4C78-BFF8-A30AA8518283}"
EndProject
Global
	GlobalSection(SolutionConfigurationPlatforms) = preSolution
		Debug|Any CPU = Debug|Any CPU
		Release|Any CPU = Release|Any CPU
	EndGlobalSection
	GlobalSection(ProjectConfigurationPlatforms) = postSolution
		{F10F911D-CE45-4C78-BFF8-A30AA8518283}.Debug|Any CPU.ActiveCfg = Debug|Any CPU
		{F10F911D-CE45-4C78-BFF8-A30AA8518283}.Debug|Any CPU.Build.0 = Debug|Any CPU
		{F10F911D-CE45-4C78-BFF8-A30AA8518283}.Release|Any CPU.ActiveCfg = Release|Any CPU
		{F10F911D-CE45-4C78-BFF8-A30AA8518283}.Release|Any CPU.Build.0 = Release|Any CPU
	EndGlobalSection
	GlobalSection(SolutionProperties) = preSolution
		HideSolutionNode = FALSE
	EndGlobalSection
	GlobalSection(ExtensibilityGlobals) = postSolution
		SolutionGuid = {C736B578-D8A9-4E3A-8951-803DB86DC014}
	EndGlobalSection
EndGlobal
