
Microsoft Visual Studio Solution File, Format Version 12.00
# Visual Studio 15
VisualStudioVersion = 15.0.28307.852
MinimumVisualStudioVersion = 10.0.40219.1
Project("{FAE04EC0-301F-11D3-BF4B-00C04F79EFBC}") = "drill66", "drill66\drill66.csproj", "{2643FD3D-B1EC-4177-9B4A-7818E9CA4BFF}"
EndProject
Global
	GlobalSection(SolutionConfigurationPlatforms) = preSolution
		Debug|Any CPU = Debug|Any CPU
		Release|Any CPU = Release|Any CPU
	EndGlobalSection
	GlobalSection(ProjectConfigurationPlatforms) = postSolution
		{2643FD3D-B1EC-4177-9B4A-7818E9CA4BFF}.Debug|Any CPU.ActiveCfg = Debug|Any CPU
		{2643FD3D-B1EC-4177-9B4A-7818E9CA4BFF}.Debug|Any CPU.Build.0 = Debug|Any CPU
		{2643FD3D-B1EC-4177-9B4A-7818E9CA4BFF}.Release|Any CPU.ActiveCfg = Release|Any CPU
		{2643FD3D-B1EC-4177-9B4A-7818E9CA4BFF}.Release|Any CPU.Build.0 = Release|Any CPU
	EndGlobalSection
	GlobalSection(SolutionProperties) = preSolution
		HideSolutionNode = FALSE
	EndGlobalSection
	GlobalSection(ExtensibilityGlobals) = postSolution
		SolutionGuid = {BFBCF8DF-63E8-4AA8-B046-CF7D64C7502C}
	EndGlobalSection
EndGlobal
