
Microsoft Visual Studio Solution File, Format Version 12.00
# Visual Studio 15
VisualStudioVersion = 15.0.28307.852
MinimumVisualStudioVersion = 10.0.40219.1
Project("{FAE04EC0-301F-11D3-BF4B-00C04F79EFBC}") = "drill94", "drill94\drill94.csproj", "{31ECBFD6-EC8E-4CB1-B909-686A02AF0C31}"
EndProject
Global
	GlobalSection(SolutionConfigurationPlatforms) = preSolution
		Debug|Any CPU = Debug|Any CPU
		Release|Any CPU = Release|Any CPU
	EndGlobalSection
	GlobalSection(ProjectConfigurationPlatforms) = postSolution
		{31ECBFD6-EC8E-4CB1-B909-686A02AF0C31}.Debug|Any CPU.ActiveCfg = Debug|Any CPU
		{31ECBFD6-EC8E-4CB1-B909-686A02AF0C31}.Debug|Any CPU.Build.0 = Debug|Any CPU
		{31ECBFD6-EC8E-4CB1-B909-686A02AF0C31}.Release|Any CPU.ActiveCfg = Release|Any CPU
		{31ECBFD6-EC8E-4CB1-B909-686A02AF0C31}.Release|Any CPU.Build.0 = Release|Any CPU
	EndGlobalSection
	GlobalSection(SolutionProperties) = preSolution
		HideSolutionNode = FALSE
	EndGlobalSection
	GlobalSection(ExtensibilityGlobals) = postSolution
		SolutionGuid = {E8EBF952-28A7-4F77-A8E1-9BE46F370E3F}
	EndGlobalSection
EndGlobal
