
Microsoft Visual Studio Solution File, Format Version 12.00
# Visual Studio 15
VisualStudioVersion = 15.0.28307.852
MinimumVisualStudioVersion = 10.0.40219.1
Project("{FAE04EC0-301F-11D3-BF4B-00C04F79EFBC}") = "drill176", "drill176\drill176.csproj", "{42627CDF-B3CE-4CB0-A0CC-F400AA1EE1D4}"
EndProject
Global
	GlobalSection(SolutionConfigurationPlatforms) = preSolution
		Debug|Any CPU = Debug|Any CPU
		Release|Any CPU = Release|Any CPU
	EndGlobalSection
	GlobalSection(ProjectConfigurationPlatforms) = postSolution
		{42627CDF-B3CE-4CB0-A0CC-F400AA1EE1D4}.Debug|Any CPU.ActiveCfg = Debug|Any CPU
		{42627CDF-B3CE-4CB0-A0CC-F400AA1EE1D4}.Debug|Any CPU.Build.0 = Debug|Any CPU
		{42627CDF-B3CE-4CB0-A0CC-F400AA1EE1D4}.Release|Any CPU.ActiveCfg = Release|Any CPU
		{42627CDF-B3CE-4CB0-A0CC-F400AA1EE1D4}.Release|Any CPU.Build.0 = Release|Any CPU
	EndGlobalSection
	GlobalSection(SolutionProperties) = preSolution
		HideSolutionNode = FALSE
	EndGlobalSection
	GlobalSection(ExtensibilityGlobals) = postSolution
		SolutionGuid = {83EF01E9-460D-4077-99A8-719268EB9EC9}
	EndGlobalSection
EndGlobal
