
Microsoft Visual Studio Solution File, Format Version 12.00
# Visual Studio 15
VisualStudioVersion = 15.0.28307.852
MinimumVisualStudioVersion = 10.0.40219.1
Project("{FAE04EC0-301F-11D3-BF4B-00C04F79EFBC}") = "ConsoleApp1", "ConsoleApp1\ConsoleApp1.csproj", "{5EDA4CCC-70F0-43FC-AD16-AD2785F5A970}"
EndProject
Global
	GlobalSection(SolutionConfigurationPlatforms) = preSolution
		Debug|Any CPU = Debug|Any CPU
		Release|Any CPU = Release|Any CPU
	EndGlobalSection
	GlobalSection(ProjectConfigurationPlatforms) = postSolution
		{5EDA4CCC-70F0-43FC-AD16-AD2785F5A970}.Debug|Any CPU.ActiveCfg = Debug|Any CPU
		{5EDA4CCC-70F0-43FC-AD16-AD2785F5A970}.Debug|Any CPU.Build.0 = Debug|Any CPU
		{5EDA4CCC-70F0-43FC-AD16-AD2785F5A970}.Release|Any CPU.ActiveCfg = Release|Any CPU
		{5EDA4CCC-70F0-43FC-AD16-AD2785F5A970}.Release|Any CPU.Build.0 = Release|Any CPU
	EndGlobalSection
	GlobalSection(SolutionProperties) = preSolution
		HideSolutionNode = FALSE
	EndGlobalSection
	GlobalSection(ExtensibilityGlobals) = postSolution
		SolutionGuid = {197B9A7A-08CB-45D4-89C1-EF0EBCC6B432}
	EndGlobalSection
EndGlobal
