
Microsoft Visual Studio Solution File, Format Version 12.00
# Visual Studio 15
VisualStudioVersion = 15.0.28307.852
MinimumVisualStudioVersion = 10.0.40219.1
Project("{FAE04EC0-301F-11D3-BF4B-00C04F79EFBC}") = "TechAcademyStudentsMVC", "TechAcademyStudentsMVC\TechAcademyStudentsMVC.csproj", "{135E0268-AC3D-4F47-99BC-9AC40DA61E20}"
EndProject
Global
	GlobalSection(SolutionConfigurationPlatforms) = preSolution
		Debug|Any CPU = Debug|Any CPU
		Release|Any CPU = Release|Any CPU
	EndGlobalSection
	GlobalSection(ProjectConfigurationPlatforms) = postSolution
		{135E0268-AC3D-4F47-99BC-9AC40DA61E20}.Debug|Any CPU.ActiveCfg = Debug|Any CPU
		{135E0268-AC3D-4F47-99BC-9AC40DA61E20}.Debug|Any CPU.Build.0 = Debug|Any CPU
		{135E0268-AC3D-4F47-99BC-9AC40DA61E20}.Release|Any CPU.ActiveCfg = Release|Any CPU
		{135E0268-AC3D-4F47-99BC-9AC40DA61E20}.Release|Any CPU.Build.0 = Release|Any CPU
	EndGlobalSection
	GlobalSection(SolutionProperties) = preSolution
		HideSolutionNode = FALSE
	EndGlobalSection
	GlobalSection(ExtensibilityGlobals) = postSolution
		SolutionGuid = {C9A9C6B9-380F-4D64-BF17-4D8987526DA5}
	EndGlobalSection
EndGlobal
