
Microsoft Visual Studio Solution File, Format Version 12.00
# Visual Studio 15
VisualStudioVersion = 15.0.28307.852
MinimumVisualStudioVersion = 10.0.40219.1
Project("{FAE04EC0-301F-11D3-BF4B-00C04F79EFBC}") = "drill67", "drill67\drill67.csproj", "{591E1EE7-CCA1-46E8-AC15-AFCF2EE5776B}"
EndProject
Global
	GlobalSection(SolutionConfigurationPlatforms) = preSolution
		Debug|Any CPU = Debug|Any CPU
		Release|Any CPU = Release|Any CPU
	EndGlobalSection
	GlobalSection(ProjectConfigurationPlatforms) = postSolution
		{591E1EE7-CCA1-46E8-AC15-AFCF2EE5776B}.Debug|Any CPU.ActiveCfg = Debug|Any CPU
		{591E1EE7-CCA1-46E8-AC15-AFCF2EE5776B}.Debug|Any CPU.Build.0 = Debug|Any CPU
		{591E1EE7-CCA1-46E8-AC15-AFCF2EE5776B}.Release|Any CPU.ActiveCfg = Release|Any CPU
		{591E1EE7-CCA1-46E8-AC15-AFCF2EE5776B}.Release|Any CPU.Build.0 = Release|Any CPU
	EndGlobalSection
	GlobalSection(SolutionProperties) = preSolution
		HideSolutionNode = FALSE
	EndGlobalSection
	GlobalSection(ExtensibilityGlobals) = postSolution
		SolutionGuid = {A989BD09-ADBE-48CC-BFD8-8A4A52B80288}
	EndGlobalSection
EndGlobal
